
Microsoft Visual Studio Solution File, Format Version 12.00
# Visual Studio Version 17
VisualStudioVersion = 17.5.002.0
MinimumVisualStudioVersion = 10.0.40219.1
Project("{9A19103F-16F7-4668-BE54-9A1E7A4F7556}") = "stocker.api", "stocker.api\stocker.api.csproj", "{490C6324-0598-4C24-9AF5-CECB195E9FD0}"
EndProject
Global
	GlobalSection(SolutionConfigurationPlatforms) = preSolution
		Debug|Any CPU = Debug|Any CPU
		Release|Any CPU = Release|Any CPU
	EndGlobalSection
	GlobalSection(ProjectConfigurationPlatforms) = postSolution
		{490C6324-0598-4C24-9AF5-CECB195E9FD0}.Debug|Any CPU.ActiveCfg = Debug|Any CPU
		{490C6324-0598-4C24-9AF5-CECB195E9FD0}.Debug|Any CPU.Build.0 = Debug|Any CPU
		{490C6324-0598-4C24-9AF5-CECB195E9FD0}.Release|Any CPU.ActiveCfg = Release|Any CPU
		{490C6324-0598-4C24-9AF5-CECB195E9FD0}.Release|Any CPU.Build.0 = Release|Any CPU
	EndGlobalSection
	GlobalSection(SolutionProperties) = preSolution
		HideSolutionNode = FALSE
	EndGlobalSection
	GlobalSection(ExtensibilityGlobals) = postSolution
		SolutionGuid = {4068402B-5AF1-4A36-A5CB-027437C6C153}
	EndGlobalSection
EndGlobal
